
Microsoft Visual Studio Solution File, Format Version 12.00
# Visual Studio 14
VisualStudioVersion = 14.0.25420.1
MinimumVisualStudioVersion = 10.0.40219.1
Project("{FAE04EC0-301F-11D3-BF4B-00C04F79EFBC}") = "sjth.DAO", "sjth.DAO\sjth.DAO.csproj", "{3FC138E4-1E61-4F00-9894-372428DC07E5}"
EndProject
Project("{FAE04EC0-301F-11D3-BF4B-00C04F79EFBC}") = "sjth.BLL", "sjth.BLL\sjth.BLL.csproj", "{2ACB9813-767C-4801-9F12-C25E8FC5554A}"
EndProject
Project("{FAE04EC0-301F-11D3-BF4B-00C04F79EFBC}") = "sjth.Model", "sjth.Model\sjth.Model.csproj", "{F7D0DC87-2172-46E8-9D52-DA7AADCA7257}"
EndProject
Project("{FAE04EC0-301F-11D3-BF4B-00C04F79EFBC}") = "SJTHWeb", "SJTHWeb\SJTHWeb.csproj", "{DE53D09A-D553-4B6D-8443-843826BE78A9}"
EndProject
Project("{FAE04EC0-301F-11D3-BF4B-00C04F79EFBC}") = "sjth.Common", "sjth.Common\sjth.Common.csproj", "{C1DC5EAF-FFBC-421C-B032-1F884D7853ED}"
EndProject
Global
	GlobalSection(SolutionConfigurationPlatforms) = preSolution
		Debug|Any CPU = Debug|Any CPU
		Release|Any CPU = Release|Any CPU
	EndGlobalSection
	GlobalSection(ProjectConfigurationPlatforms) = postSolution
		{3FC138E4-1E61-4F00-9894-372428DC07E5}.Debug|Any CPU.ActiveCfg = Debug|Any CPU
		{3FC138E4-1E61-4F00-9894-372428DC07E5}.Debug|Any CPU.Build.0 = Debug|Any CPU
		{3FC138E4-1E61-4F00-9894-372428DC07E5}.Release|Any CPU.ActiveCfg = Release|Any CPU
		{3FC138E4-1E61-4F00-9894-372428DC07E5}.Release|Any CPU.Build.0 = Release|Any CPU
		{2ACB9813-767C-4801-9F12-C25E8FC5554A}.Debug|Any CPU.ActiveCfg = Debug|Any CPU
		{2ACB9813-767C-4801-9F12-C25E8FC5554A}.Debug|Any CPU.Build.0 = Debug|Any CPU
		{2ACB9813-767C-4801-9F12-C25E8FC5554A}.Release|Any CPU.ActiveCfg = Release|Any CPU
		{2ACB9813-767C-4801-9F12-C25E8FC5554A}.Release|Any CPU.Build.0 = Release|Any CPU
		{F7D0DC87-2172-46E8-9D52-DA7AADCA7257}.Debug|Any CPU.ActiveCfg = Debug|Any CPU
		{F7D0DC87-2172-46E8-9D52-DA7AADCA7257}.Debug|Any CPU.Build.0 = Debug|Any CPU
		{F7D0DC87-2172-46E8-9D52-DA7AADCA7257}.Release|Any CPU.ActiveCfg = Release|Any CPU
		{F7D0DC87-2172-46E8-9D52-DA7AADCA7257}.Release|Any CPU.Build.0 = Release|Any CPU
		{DE53D09A-D553-4B6D-8443-843826BE78A9}.Debug|Any CPU.ActiveCfg = Debug|Any CPU
		{DE53D09A-D553-4B6D-8443-843826BE78A9}.Debug|Any CPU.Build.0 = Debug|Any CPU
		{DE53D09A-D553-4B6D-8443-843826BE78A9}.Release|Any CPU.ActiveCfg = Release|Any CPU
		{DE53D09A-D553-4B6D-8443-843826BE78A9}.Release|Any CPU.Build.0 = Release|Any CPU
		{C1DC5EAF-FFBC-421C-B032-1F884D7853ED}.Debug|Any CPU.ActiveCfg = Debug|Any CPU
		{C1DC5EAF-FFBC-421C-B032-1F884D7853ED}.Debug|Any CPU.Build.0 = Debug|Any CPU
		{C1DC5EAF-FFBC-421C-B032-1F884D7853ED}.Release|Any CPU.ActiveCfg = Release|Any CPU
		{C1DC5EAF-FFBC-421C-B032-1F884D7853ED}.Release|Any CPU.Build.0 = Release|Any CPU
	EndGlobalSection
	GlobalSection(SolutionProperties) = preSolution
		HideSolutionNode = FALSE
	EndGlobalSection
EndGlobal
